
Microsoft Visual Studio Solution File, Format Version 12.00
# Visual Studio Version 16
VisualStudioVersion = 16.0.32106.194
MinimumVisualStudioVersion = 10.0.40219.1
Project("{FAE04EC0-301F-11D3-BF4B-00C04F79EFBC}") = "market.API", "market.API\market.API.csproj", "{AD4B21C7-6BDB-4924-8174-2073C6E01DF0}"
EndProject
Project("{FAE04EC0-301F-11D3-BF4B-00C04F79EFBC}") = "market.BusinessLogic", "market.BusinessLogic\market.BusinessLogic.csproj", "{471315DF-38A5-4857-A558-86F4DD5B7F00}"
EndProject
Project("{FAE04EC0-301F-11D3-BF4B-00C04F79EFBC}") = "market.Core", "market.Core\market.Core.csproj", "{9E5C4378-7F49-4E51-9383-670359ABE44A}"
EndProject
Global
	GlobalSection(SolutionConfigurationPlatforms) = preSolution
		Debug|Any CPU = Debug|Any CPU
		Release|Any CPU = Release|Any CPU
	EndGlobalSection
	GlobalSection(ProjectConfigurationPlatforms) = postSolution
		{AD4B21C7-6BDB-4924-8174-2073C6E01DF0}.Debug|Any CPU.ActiveCfg = Debug|Any CPU
		{AD4B21C7-6BDB-4924-8174-2073C6E01DF0}.Debug|Any CPU.Build.0 = Debug|Any CPU
		{AD4B21C7-6BDB-4924-8174-2073C6E01DF0}.Release|Any CPU.ActiveCfg = Release|Any CPU
		{AD4B21C7-6BDB-4924-8174-2073C6E01DF0}.Release|Any CPU.Build.0 = Release|Any CPU
		{471315DF-38A5-4857-A558-86F4DD5B7F00}.Debug|Any CPU.ActiveCfg = Debug|Any CPU
		{471315DF-38A5-4857-A558-86F4DD5B7F00}.Debug|Any CPU.Build.0 = Debug|Any CPU
		{471315DF-38A5-4857-A558-86F4DD5B7F00}.Release|Any CPU.ActiveCfg = Release|Any CPU
		{471315DF-38A5-4857-A558-86F4DD5B7F00}.Release|Any CPU.Build.0 = Release|Any CPU
		{9E5C4378-7F49-4E51-9383-670359ABE44A}.Debug|Any CPU.ActiveCfg = Debug|Any CPU
		{9E5C4378-7F49-4E51-9383-670359ABE44A}.Debug|Any CPU.Build.0 = Debug|Any CPU
		{9E5C4378-7F49-4E51-9383-670359ABE44A}.Release|Any CPU.ActiveCfg = Release|Any CPU
		{9E5C4378-7F49-4E51-9383-670359ABE44A}.Release|Any CPU.Build.0 = Release|Any CPU
	EndGlobalSection
	GlobalSection(SolutionProperties) = preSolution
		HideSolutionNode = FALSE
	EndGlobalSection
	GlobalSection(ExtensibilityGlobals) = postSolution
		SolutionGuid = {4E9C51D7-4189-4173-AEBD-CCC13E6D686F}
	EndGlobalSection
EndGlobal
